<?xml version="1.0" encoding="utf-8"?>
<Project ToolsVersion="4.0" xmlns="http://schemas.microsoft.com/developer/msbuild/2003">
  <ItemGroup>
    <Filter Include="Source Files">
      <UniqueIdentifier>{4FC737F1-C7A5-4376-A066-2A32D752A2FF}</UniqueIdentifier>
      <Extensions>cpp;c;cc;cxx;def;odl;idl;hpj;bat;asm;asmx</Extensions>
    </Filter>
    <Filter Include="Header Files">
      <UniqueIdentifier>{93995380-89BD-4b04-88EB-625FBE52EBFB}</UniqueIdentifier>
      <Extensions>h;hh;hpp;hxx;hm;inl;inc;xsd</Extensions>
    </Filter>
    <Filter Include="Resource Files">
      <UniqueIdentifier>{67DA6AB6-F800-4c08-8B7A-83BB121AAD01}</UniqueIdentifier>
      <Extensions>rc;ico;cur;bmp;dlg;rc2;rct;bin;rgs;gif;jpg;jpeg;jpe;resx;tiff;tif;png;wav;mfcribbon-ms</Extensions>
    </Filter>
  </ItemGroup>
  <ItemGroup>
    <ClInclude Include="src\utils\simulation.h">
      <Filter>Header Files</Filter>
    </ClInclude>
    <ClInclude Include="src\utils\d3d_drawing.h">
      <Filter>Header Files</Filter>
    </ClInclude>
    <ClInclude Include="src\res\resource.h">
      <Filter>Header Files</Filter>
    </ClInclude>
    <ClInclude Include="src\bot\back_camera.h">
      <Filter>Header Files</Filter>
    </ClInclude>
    <ClInclude Include="src\bot\bot.h">
      <Filter>Header Files</Filter>
    </ClInclude>
    <ClInclude Include="src\bot\bot_ai_one_vs_one.h">
      <Filter>Header Files</Filter>
    </ClInclude>
    <ClInclude Include="src\bot\botcore.h">
      <Filter>Header Files</Filter>
    </ClInclude>
    <ClInclude Include="src\bot\entity.h">
      <Filter>Header Files</Filter>
    </ClInclude>
    <ClInclude Include="src\bot\entity_list.h">
      <Filter>Header Files</Filter>
    </ClInclude>
    <ClInclude Include="src\bot\local_player.h">
      <Filter>Header Files</Filter>
    </ClInclude>
    <ClInclude Include="src\bot\math.h">
      <Filter>Header Files</Filter>
    </ClInclude>
    <ClInclude Include="src\window\main_window.h">
      <Filter>Header Files</Filter>
    </ClInclude>
    <ClInclude Include="src\window\waiting_window.h">
      <Filter>Header Files</Filter>
    </ClInclude>
    <ClInclude Include="src\window\tab_window_1.h">
      <Filter>Header Files</Filter>
    </ClInclude>
    <ClInclude Include="src\window\loading_window.h">
      <Filter>Header Files</Filter>
    </ClInclude>
    <ClInclude Include="src\bot\logging.h">
      <Filter>Header Files</Filter>
    </ClInclude>
    <ClInclude Include="src\window\addresses_offsets_window.h">
      <Filter>Header Files</Filter>
    </ClInclude>
    <ClInclude Include="src\bot\logic_specialization\local_player_ignite.h">
      <Filter>Header Files</Filter>
    </ClInclude>
    <ClInclude Include="src\servers\flyff_client_mazey.h">
      <Filter>Header Files</Filter>
    </ClInclude>
    <ClInclude Include="src\servers\flyff_client_ignite.h">
      <Filter>Header Files</Filter>
    </ClInclude>
    <ClInclude Include="src\servers\flyff_client.h">
      <Filter>Header Files</Filter>
    </ClInclude>
    <ClInclude Include="src\window\tab_window_2.h">
      <Filter>Header Files</Filter>
    </ClInclude>
    <ClInclude Include="src\bot\frame_timer.h">
      <Filter>Header Files</Filter>
    </ClInclude>
    <ClInclude Include="src\bot\state_machine.h">
      <Filter>Header Files</Filter>
    </ClInclude>
    <ClInclude Include="src\bot\focus_target_state_machine.h">
      <Filter>Header Files</Filter>
    </ClInclude>
    <ClInclude Include="src\bot\select_target_state_machine.h">
      <Filter>Header Files</Filter>
    </ClInclude>
    <ClInclude Include="src\window\tab_window_3.h">
      <Filter>Header Files</Filter>
    </ClInclude>
    <ClInclude Include="src\bot\monster_definitions.h">
      <Filter>Header Files</Filter>
    </ClInclude>
    <ClInclude Include="src\bot\entity_replicate_box.h">
      <Filter>Header Files</Filter>
    </ClInclude>
    <ClInclude Include="src\bot\simluation_state_machine.h">
      <Filter>Header Files</Filter>
    </ClInclude>
    <ClInclude Include="src\bot\bot_options.h">
      <Filter>Header Files</Filter>
    </ClInclude>
    <ClInclude Include="src\bot\blocked_state_machine.h">
      <Filter>Header Files</Filter>
    </ClInclude>
    <ClInclude Include="src\bot\walk_to_position_state_machine.h">
      <Filter>Header Files</Filter>
    </ClInclude>
    <ClInclude Include="src\bot\timer_on_interval.h">
      <Filter>Header Files</Filter>
    </ClInclude>
    <ClInclude Include="src\bot\bot_passive.h">
      <Filter>Header Files</Filter>
    </ClInclude>
    <ClInclude Include="src\bot\key_sequence.h">
      <Filter>Header Files</Filter>
    </ClInclude>
    <ClInclude Include="src\bot\options\auto_healing_option.h">
      <Filter>Header Files</Filter>
    </ClInclude>
    <ClInclude Include="src\bot\options\option.h">
      <Filter>Header Files</Filter>
    </ClInclude>
    <ClInclude Include="src\bot\options\option_utils.h">
      <Filter>Header Files</Filter>
    </ClInclude>
    <ClInclude Include="src\bot\options\value_list_option.h">
      <Filter>Header Files</Filter>
    </ClInclude>
    <ClInclude Include="src\bot\options\key_sequence_option.h">
      <Filter>Header Files</Filter>
    </ClInclude>
    <ClInclude Include="src\bot\options\whitelisted_names_option.h">
      <Filter>Header Files</Filter>
    </ClInclude>
    <ClInclude Include="src\bot\options\character_rebuff.h">
      <Filter>Header Files</Filter>
    </ClInclude>
    <ClInclude Include="src\bot\options\ext\json.hpp">
      <Filter>Header Files</Filter>
    </ClInclude>
    <ClInclude Include="src\bot\options\bot_mode_option.h">
      <Filter>Header Files</Filter>
    </ClInclude>
    <ClInclude Include="src\bot\options\lure_target_key_option.h">
      <Filter>Header Files</Filter>
    </ClInclude>
    <ClInclude Include="src\bot\options\attack_sequence_option.h">
      <Filter>Header Files</Filter>
    </ClInclude>
    <ClInclude Include="src\bot\options\whitelisted_player_names_option.h">
      <Filter>Header Files</Filter>
    </ClInclude>
    <ClInclude Include="src\bot\options\character_rebuff_list.h">
      <Filter>Header Files</Filter>
    </ClInclude>
    <ClInclude Include="src\bot\idle_state_machine.h">
      <Filter>Header Files</Filter>
    </ClInclude>
    <ClInclude Include="src\bot\options\auto_healing_pills_option.h">
      <Filter>Header Files</Filter>
    </ClInclude>
    <ClInclude Include="src\pch\pch.h">
      <Filter>Header Files</Filter>
    </ClInclude>
    <ClInclude Include="src\build_time.h">
      <Filter>Header Files</Filter>
    </ClInclude>
    <ClInclude Include="src\bot\options\level_area_option.h">
      <Filter>Header Files</Filter>
    </ClInclude>
    <ClInclude Include="src\bot\entity_filter.h">
      <Filter>Header Files</Filter>
    </ClInclude>
    <ClInclude Include="src\bot\options\average_y_pos_option.h">
      <Filter>Header Files</Filter>
    </ClInclude>
    <ClInclude Include="src\utils\trace.h">
      <Filter>Header Files</Filter>
    </ClInclude>
    <ClInclude Include="src\utils\string_utls.h">
      <Filter>Header Files</Filter>
    </ClInclude>
    <ClInclude Include="src\utils\stopwatch.h">
      <Filter>Header Files</Filter>
    </ClInclude>
    <ClInclude Include="src\bot\bot_initializer.h">
      <Filter>Header Files</Filter>
    </ClInclude>
    <ClInclude Include="src\servers\flyff_client_dragon_crusade.h">
      <Filter>Header Files</Filter>
    </ClInclude>
    <ClInclude Include="src\bot\flyff_client_factory.h">
      <Filter>Header Files</Filter>
    </ClInclude>
    <ClInclude Include="src\bot\crash_handler.h">
      <Filter>Header Files</Filter>
    </ClInclude>
    <ClInclude Include="src\bot\hook_manager.h">
      <Filter>Header Files</Filter>
    </ClInclude>
    <ClInclude Include="src\bot\bound_box.h">
      <Filter>Header Files</Filter>
    </ClInclude>
    <ClInclude Include="src\bot\game_object.h">
      <Filter>Header Files</Filter>
    </ClInclude>
    <ClInclude Include="src\bot\killing_bot.h">
      <Filter>Header Files</Filter>
    </ClInclude>
    <ClInclude Include="src\bot\options\remove_all_obstacles_option.h">
      <Filter>Header Files</Filter>
    </ClInclude>
    <ClInclude Include="src\bot\options\update_char_pos_option.h">
      <Filter>Header Files</Filter>
    </ClInclude>
    <ClInclude Include="src\servers\flyff_client_eclipse.h">
      <Filter>Header Files</Filter>
    </ClInclude>
    <ClInclude Include="src\bot\options\avoid_engaged_monsters.h">
      <Filter>Header Files</Filter>
    </ClInclude>
    <ClInclude Include="src\utils\software_bp_hook.h">
      <Filter>Header Files</Filter>
    </ClInclude>
    <ClInclude Include="src\bot\logic_specialization\local_player_eclipse.h">
      <Filter>Header Files</Filter>
    </ClInclude>
  </ItemGroup>
  <ItemGroup>
    <ClCompile Include="src\main.cpp">
      <Filter>Source Files</Filter>
    </ClCompile>
    <ClCompile Include="src\utils\simulation.cpp">
      <Filter>Source Files</Filter>
    </ClCompile>
    <ClCompile Include="src\utils\d3d_drawing.cpp">
      <Filter>Source Files</Filter>
    </ClCompile>
    <ClCompile Include="src\bot\bot.cpp">
      <Filter>Source Files</Filter>
    </ClCompile>
    <ClCompile Include="src\bot\bot_ai_one_vs_one.cpp">
      <Filter>Source Files</Filter>
    </ClCompile>
    <ClCompile Include="src\bot\botcore.cpp">
      <Filter>Source Files</Filter>
    </ClCompile>
    <ClCompile Include="src\bot\entity.cpp">
      <Filter>Source Files</Filter>
    </ClCompile>
    <ClCompile Include="src\bot\entity_list.cpp">
      <Filter>Source Files</Filter>
    </ClCompile>
    <ClCompile Include="src\bot\local_player.cpp">
      <Filter>Source Files</Filter>
    </ClCompile>
    <ClCompile Include="src\bot\math.cpp">
      <Filter>Source Files</Filter>
    </ClCompile>
    <ClCompile Include="src\window\main_window.cpp">
      <Filter>Source Files</Filter>
    </ClCompile>
    <ClCompile Include="src\window\waiting_window.cpp">
      <Filter>Source Files</Filter>
    </ClCompile>
    <ClCompile Include="src\window\tab_window_1.cpp">
      <Filter>Source Files</Filter>
    </ClCompile>
    <ClCompile Include="src\window\loading_window.cpp">
      <Filter>Source Files</Filter>
    </ClCompile>
    <ClCompile Include="src\bot\logic_specialization\local_player_ignite.cpp">
      <Filter>Source Files</Filter>
    </ClCompile>
    <ClCompile Include="src\servers\flyff_client.cpp">
      <Filter>Source Files</Filter>
    </ClCompile>
    <ClCompile Include="src\window\tab_window_2.cpp">
      <Filter>Source Files</Filter>
    </ClCompile>
    <ClCompile Include="src\bot\frame_timer.cpp">
      <Filter>Source Files</Filter>
    </ClCompile>
    <ClCompile Include="src\bot\focus_target_state_machine.cpp">
      <Filter>Source Files</Filter>
    </ClCompile>
    <ClCompile Include="src\bot\select_target_state_machine.cpp">
      <Filter>Source Files</Filter>
    </ClCompile>
    <ClCompile Include="src\window\tab_window_3.cpp">
      <Filter>Source Files</Filter>
    </ClCompile>
    <ClCompile Include="src\bot\simluation_state_machine.cpp">
      <Filter>Source Files</Filter>
    </ClCompile>
    <ClCompile Include="src\bot\bot_options.cpp">
      <Filter>Source Files</Filter>
    </ClCompile>
    <ClCompile Include="src\bot\walk_to_position_state_machine.cpp">
      <Filter>Source Files</Filter>
    </ClCompile>
    <ClCompile Include="src\bot\blocked_state_machine.cpp">
      <Filter>Source Files</Filter>
    </ClCompile>
    <ClCompile Include="src\bot\bot_passive.cpp">
      <Filter>Source Files</Filter>
    </ClCompile>
    <ClCompile Include="src\bot\key_sequence.cpp">
      <Filter>Source Files</Filter>
    </ClCompile>
    <ClCompile Include="src\bot\options\auto_healing_option.cpp">
      <Filter>Source Files</Filter>
    </ClCompile>
    <ClCompile Include="src\bot\options\option_utils.cpp">
      <Filter>Source Files</Filter>
    </ClCompile>
    <ClCompile Include="src\bot\options\whitelisted_names_option.cpp">
      <Filter>Source Files</Filter>
    </ClCompile>
    <ClCompile Include="src\bot\options\key_sequence_option.cpp">
      <Filter>Source Files</Filter>
    </ClCompile>
    <ClCompile Include="src\bot\options\character_rebuff.cpp">
      <Filter>Source Files</Filter>
    </ClCompile>
    <ClCompile Include="src\bot\options\attack_sequence_option.cpp">
      <Filter>Source Files</Filter>
    </ClCompile>
    <ClCompile Include="src\bot\options\character_rebuff_list.cpp">
      <Filter>Source Files</Filter>
    </ClCompile>
    <ClCompile Include="src\bot\idle_state_machine.cpp">
      <Filter>Source Files</Filter>
    </ClCompile>
    <ClCompile Include="src\bot\options\auto_healing_pills_option.cpp">
      <Filter>Source Files</Filter>
    </ClCompile>
    <ClCompile Include="src\bot\options\option.cpp">
      <Filter>Source Files</Filter>
    </ClCompile>
    <ClCompile Include="src\bot\options\bot_mode_option.cpp">
      <Filter>Source Files</Filter>
    </ClCompile>
    <ClCompile Include="src\bot\options\lure_target_key_option.cpp">
      <Filter>Source Files</Filter>
    </ClCompile>
    <ClCompile Include="src\bot\logging.cpp">
      <Filter>Source Files</Filter>
    </ClCompile>
    <ClCompile Include="src\pch\pch.cpp">
      <Filter>Source Files</Filter>
    </ClCompile>
    <ClCompile Include="src\build_time.cpp">
      <Filter>Source Files</Filter>
    </ClCompile>
    <ClCompile Include="src\bot\options\level_area_option.cpp">
      <Filter>Source Files</Filter>
    </ClCompile>
    <ClCompile Include="src\utils\trace.cpp">
      <Filter>Source Files</Filter>
    </ClCompile>
    <ClCompile Include="src\bot\options\whitelisted_player_names_option.cpp">
      <Filter>Source Files</Filter>
    </ClCompile>
    <ClCompile Include="src\bot\bot_initializer.cpp">
      <Filter>Source Files</Filter>
    </ClCompile>
    <ClCompile Include="src\servers\flyff_client_ignite.cpp">
      <Filter>Source Files</Filter>
    </ClCompile>
    <ClCompile Include="src\servers\flyff_client_dragon_crusade.cpp">
      <Filter>Source Files</Filter>
    </ClCompile>
    <ClCompile Include="src\bot\flyff_client_factory.cpp">
      <Filter>Source Files</Filter>
    </ClCompile>
    <ClCompile Include="src\bot\crash_handler.cpp">
      <Filter>Source Files</Filter>
    </ClCompile>
    <ClCompile Include="src\bot\hook_manager.cpp">
      <Filter>Source Files</Filter>
    </ClCompile>
    <ClCompile Include="src\utils\stopwatch.cpp">
      <Filter>Source Files</Filter>
    </ClCompile>
    <ClCompile Include="src\bot\game_object.cpp">
      <Filter>Source Files</Filter>
    </ClCompile>
    <ClCompile Include="src\bot\killing_bot.cpp">
      <Filter>Source Files</Filter>
    </ClCompile>
    <ClCompile Include="src\bot\options\average_y_pos_option.cpp">
      <Filter>Source Files</Filter>
    </ClCompile>
    <ClCompile Include="src\bot\options\remove_all_obstacles_option.cpp">
      <Filter>Source Files</Filter>
    </ClCompile>
    <ClCompile Include="src\servers\flyff_client_eclipse.cpp">
      <Filter>Source Files</Filter>
    </ClCompile>
    <ClCompile Include="src\bot\options\avoid_engaged_monsters.cpp">
      <Filter>Source Files</Filter>
    </ClCompile>
    <ClCompile Include="src\utils\software_bp_hook.cpp">
      <Filter>Source Files</Filter>
    </ClCompile>
    <ClCompile Include="src\bot\logic_specialization\local_player_eclipse.cpp">
      <Filter>Source Files</Filter>
    </ClCompile>
  </ItemGroup>
  <ItemGroup>
    <ResourceCompile Include="src\res\Resource.rc">
      <Filter>Resource Files</Filter>
    </ResourceCompile>
  </ItemGroup>
  <ItemGroup>
    <Text Include="NOTES.txt" />
  </ItemGroup>
</Project>